
Microsoft Visual Studio Solution File, Format Version 12.00
# Visual Studio Version 16
VisualStudioVersion = 16.0.30011.22
MinimumVisualStudioVersion = 10.0.40219.1
Project("{9A19103F-16F7-4668-BE54-9A1E7A4F7556}") = "ScoutFieldLog_GroupProject", "ScoutFieldLog_GroupProject\ScoutFieldLog_GroupProject.csproj", "{0286E002-FB5A-4265-87C9-5FC29866A0FC}"
EndProject
Project("{9A19103F-16F7-4668-BE54-9A1E7A4F7556}") = "TextMatch", "TextMatch\TextMatch.csproj", "{96CBCDE0-DCEC-4CF7-B81E-9803D7C4F690}"
EndProject
Global
	GlobalSection(SolutionConfigurationPlatforms) = preSolution
		Debug|Any CPU = Debug|Any CPU
		Release|Any CPU = Release|Any CPU
	EndGlobalSection
	GlobalSection(ProjectConfigurationPlatforms) = postSolution
		{0286E002-FB5A-4265-87C9-5FC29866A0FC}.Debug|Any CPU.ActiveCfg = Debug|Any CPU
		{0286E002-FB5A-4265-87C9-5FC29866A0FC}.Debug|Any CPU.Build.0 = Debug|Any CPU
		{0286E002-FB5A-4265-87C9-5FC29866A0FC}.Release|Any CPU.ActiveCfg = Release|Any CPU
		{0286E002-FB5A-4265-87C9-5FC29866A0FC}.Release|Any CPU.Build.0 = Release|Any CPU
		{96CBCDE0-DCEC-4CF7-B81E-9803D7C4F690}.Debug|Any CPU.ActiveCfg = Debug|Any CPU
		{96CBCDE0-DCEC-4CF7-B81E-9803D7C4F690}.Debug|Any CPU.Build.0 = Debug|Any CPU
		{96CBCDE0-DCEC-4CF7-B81E-9803D7C4F690}.Release|Any CPU.ActiveCfg = Release|Any CPU
		{96CBCDE0-DCEC-4CF7-B81E-9803D7C4F690}.Release|Any CPU.Build.0 = Release|Any CPU
	EndGlobalSection
	GlobalSection(SolutionProperties) = preSolution
		HideSolutionNode = FALSE
	EndGlobalSection
	GlobalSection(ExtensibilityGlobals) = postSolution
		SolutionGuid = {EDF9BF94-0988-46C8-86EC-5CB58DA8354B}
	EndGlobalSection
EndGlobal
